// !$*UTF8*$!
{
	archiveVersion = 1;
	classes = {
	};
	objectVersion = 48;
	objects = {

/* Begin PBXBuildFile section */
		6D1C7B4D1F52EB66003E7A28 /* AppDelegate.swift in Sources */ = {isa = PBXBuildFile; fileRef = 6D1C7B4C1F52EB66003E7A28 /* AppDelegate.swift */; };
		6D1C7B4F1F52EB66003E7A28 /* ViewController.swift in Sources */ = {isa = PBXBuildFile; fileRef = 6D1C7B4E1F52EB66003E7A28 /* ViewController.swift */; };
		6D1C7B521F52EB66003E7A28 /* Main.storyboard in Resources */ = {isa = PBXBuildFile; fileRef = 6D1C7B501F52EB66003E7A28 /* Main.storyboard */; };
		6D1C7B541F52EB66003E7A28 /* Assets.xcassets in Resources */ = {isa = PBXBuildFile; fileRef = 6D1C7B531F52EB66003E7A28 /* Assets.xcassets */; };
		6D1C7B571F52EB66003E7A28 /* LaunchScreen.storyboard in Resources */ = {isa = PBXBuildFile; fileRef = 6D1C7B551F52EB66003E7A28 /* LaunchScreen.storyboard */; };
		6D1C7B621F52EB66003E7A28 /* ZorellaTests.swift in Sources */ = {isa = PBXBuildFile; fileRef = 6D1C7B611F52EB66003E7A28 /* ZorellaTests.swift */; };
		6D1C7B6D1F52EB66003E7A28 /* ZorellaUITests.swift in Sources */ = {isa = PBXBuildFile; fileRef = 6D1C7B6C1F52EB66003E7A28 /* ZorellaUITests.swift */; };
/* End PBXBuildFile section */

/* Begin PBXContainerItemProxy section */
		6D1C7B5E1F52EB66003E7A28 /* PBXContainerItemProxy */ = {
			isa = PBXContainerItemProxy;
			containerPortal = 6D1C7B411F52EB66003E7A28 /* Project object */;
			proxyType = 1;
			remoteGlobalIDString = 6D1C7B481F52EB66003E7A28;
			remoteInfo = Zorella;
		};
		6D1C7B691F52EB66003E7A28 /* PBXContainerItemProxy */ = {
			isa = PBXContainerItemProxy;
			containerPortal = 6D1C7B411F52EB66003E7A28 /* Project object */;
			proxyType = 1;
			remoteGlobalIDString = 6D1C7B481F52EB66003E7A28;
			remoteInfo = Zorella;
		};
/* End PBXContainerItemProxy section */

/* Begin PBXFileReference section */
		6D1C7B491F52EB66003E7A28 /* Zorella.app */ = {isa = PBXFileReference; explicitFileType = wrapper.application; includeInIndex = 0; path = Zorella.app; sourceTree = BUILT_PRODUCTS_DIR; };
		6D1C7B4C1F52EB66003E7A28 /* AppDelegate.swift */ = {isa = PBXFileReference; lastKnownFileType = sourcecode.swift; path = AppDelegate.swift; sourceTree = "<group>"; };
		6D1C7B4E1F52EB66003E7A28 /* ViewController.swift */ = {isa = PBXFileReference; lastKnownFileType = sourcecode.swift; path = ViewController.swift; sourceTree = "<group>"; };
		6D1C7B511F52EB66003E7A28 /* Base */ = {isa = PBXFileReference; lastKnownFileType = file.storyboard; name = Base; path = Base.lproj/Main.storyboard; sourceTree = "<group>"; };
		6D1C7B531F52EB66003E7A28 /* Assets.xcassets */ = {isa = PBXFileReference; lastKnownFileType = folder.assetcatalog; path = Assets.xcassets; sourceTree = "<group>"; };
		6D1C7B561F52EB66003E7A28 /* Base */ = {isa = PBXFileReference; lastKnownFileType = file.storyboard; name = Base; path = Base.lproj/LaunchScreen.storyboard; sourceTree = "<group>"; };
		6D1C7B581F52EB66003E7A28 /* Info.plist */ = {isa = PBXFileReference; lastKnownFileType = text.plist.xml; path = Info.plist; sourceTree = "<group>"; };
		6D1C7B5D1F52EB66003E7A28 /* ZorellaTests.xctest */ = {isa = PBXFileReference; explicitFileType = wrapper.cfbundle; includeInIndex = 0; path = ZorellaTests.xctest; sourceTree = BUILT_PRODUCTS_DIR; };
		6D1C7B611F52EB66003E7A28 /* ZorellaTests.swift */ = {isa = PBXFileReference; lastKnownFileType = sourcecode.swift; path = ZorellaTests.swift; sourceTree = "<group>"; };
		6D1C7B631F52EB66003E7A28 /* Info.plist */ = {isa = PBXFileReference; lastKnownFileType = text.plist.xml; path = Info.plist; sourceTree = "<group>"; };
		6D1C7B681F52EB66003E7A28 /* ZorellaUITests.xctest */ = {isa = PBXFileReference; explicitFileType = wrapper.cfbundle; includeInIndex = 0; path = ZorellaUITests.xctest; sourceTree = BUILT_PRODUCTS_DIR; };
		6D1C7B6C1F52EB66003E7A28 /* ZorellaUITests.swift */ = {isa = PBXFileReference; lastKnownFileType = sourcecode.swift; path = ZorellaUITests.swift; sourceTree = "<group>"; };
		6D1C7B6E1F52EB66003E7A28 /* Info.plist */ = {isa = PBXFileReference; lastKnownFileType = text.plist.xml; path = Info.plist; sourceTree = "<group>"; };
/* End PBXFileReference section */

/* Begin PBXFrameworksBuildPhase section */
		6D1C7B461F52EB66003E7A28 /* Frameworks */ = {
			isa = PBXFrameworksBuildPhase;
			buildActionMask = 2147483647;
			files = (
			);
			runOnlyForDeploymentPostprocessing = 0;
		};
		6D1C7B5A1F52EB66003E7A28 /* Frameworks */ = {
			isa = PBXFrameworksBuildPhase;
			buildActionMask = 2147483647;
			files = (
			);
			runOnlyForDeploymentPostprocessing = 0;
		};
		6D1C7B651F52EB66003E7A28 /* Frameworks */ = {
			isa = PBXFrameworksBuildPhase;
			buildActionMask = 2147483647;
			files = (
			);
			runOnlyForDeploymentPostprocessing = 0;
		};
/* End PBXFrameworksBuildPhase section */

/* Begin PBXGroup section */
		6D1C7B401F52EB66003E7A28 = {
			isa = PBXGroup;
			children = (
				6D1C7B4B1F52EB66003E7A28 /* Zorella */,
				6D1C7B601F52EB66003E7A28 /* ZorellaTests */,
				6D1C7B6B1F52EB66003E7A28 /* ZorellaUITests */,
				6D1C7B4A1F52EB66003E7A28 /* Products */,
			);
			sourceTree = "<group>";
		};
		6D1C7B4A1F52EB66003E7A28 /* Products */ = {
			isa = PBXGroup;
			children = (
				6D1C7B491F52EB66003E7A28 /* Zorella.app */,
				6D1C7B5D1F52EB66003E7A28 /* ZorellaTests.xctest */,
				6D1C7B681F52EB66003E7A28 /* ZorellaUITests.xctest */,
			);
			name = Products;
			sourceTree = "<group>";
		};
		6D1C7B4B1F52EB66003E7A28 /* Zorella */ = {
			isa = PBXGroup;
			children = (
				6D1C7B4C1F52EB66003E7A28 /* AppDelegate.swift */,
				6D1C7B4E1F52EB66003E7A28 /* ViewController.swift */,
				6D1C7B501F52EB66003E7A28 /* Main.storyboard */,
				6D1C7B531F52EB66003E7A28 /* Assets.xcassets */,
				6D1C7B551F52EB66003E7A28 /* LaunchScreen.storyboard */,
				6D1C7B581F52EB66003E7A28 /* Info.plist */,
			);
			path = Zorella;
			sourceTree = "<group>";
		};
		6D1C7B601F52EB66003E7A28 /* ZorellaTests */ = {
			isa = PBXGroup;
			children = (
				6D1C7B611F52EB66003E7A28 /* ZorellaTests.swift */,
				6D1C7B631F52EB66003E7A28 /* Info.plist */,
			);
			path = ZorellaTests;
			sourceTree = "<group>";
		};
		6D1C7B6B1F52EB66003E7A28 /* ZorellaUITests */ = {
			isa = PBXGroup;
			children = (
				6D1C7B6C1F52EB66003E7A28 /* ZorellaUITests.swift */,
				6D1C7B6E1F52EB66003E7A28 /* Info.plist */,
			);
			path = ZorellaUITests;
			sourceTree = "<group>";
		};
/* End PBXGroup section */

/* Begin PBXNativeTarget section */
		6D1C7B481F52EB66003E7A28 /* Zorella */ = {
			isa = PBXNativeTarget;
			buildConfigurationList = 6D1C7B711F52EB66003E7A28 /* Build configuration list for PBXNativeTarget "Zorella" */;
			buildPhases = (
				6D1C7B451F52EB66003E7A28 /* Sources */,
				6D1C7B461F52EB66003E7A28 /* Frameworks */,
				6D1C7B471F52EB66003E7A28 /* Resources */,
			);
			buildRules = (
			);
			dependencies = (
			);
			name = Zorella;
			productName = Zorella;
			productReference = 6D1C7B491F52EB66003E7A28 /* Zorella.app */;
			productType = "com.apple.product-type.application";
		};
		6D1C7B5C1F52EB66003E7A28 /* ZorellaTests */ = {
			isa = PBXNativeTarget;
			buildConfigurationList = 6D1C7B741F52EB66003E7A28 /* Build configuration list for PBXNativeTarget "ZorellaTests" */;
			buildPhases = (
				6D1C7B591F52EB66003E7A28 /* Sources */,
				6D1C7B5A1F52EB66003E7A28 /* Frameworks */,
				6D1C7B5B1F52EB66003E7A28 /* Resources */,
			);
			buildRules = (
			);
			dependencies = (
				6D1C7B5F1F52EB66003E7A28 /* PBXTargetDependency */,
			);
			name = ZorellaTests;
			productName = ZorellaTests;
			productReference = 6D1C7B5D1F52EB66003E7A28 /* ZorellaTests.xctest */;
			productType = "com.apple.product-type.bundle.unit-test";
		};
		6D1C7B671F52EB66003E7A28 /* ZorellaUITests */ = {
			isa = PBXNativeTarget;
			buildConfigurationList = 6D1C7B771F52EB66003E7A28 /* Build configuration list for PBXNativeTarget "ZorellaUITests" */;
			buildPhases = (
				6D1C7B641F52EB66003E7A28 /* Sources */,
				6D1C7B651F52EB66003E7A28 /* Frameworks */,
				6D1C7B661F52EB66003E7A28 /* Resources */,
			);
			buildRules = (
			);
			dependencies = (
				6D1C7B6A1F52EB66003E7A28 /* PBXTargetDependency */,
			);
			name = ZorellaUITests;
			productName = ZorellaUITests;
			productReference = 6D1C7B681F52EB66003E7A28 /* ZorellaUITests.xctest */;
			productType = "com.apple.product-type.bundle.ui-testing";
		};
/* End PBXNativeTarget section */

/* Begin PBXProject section */
		6D1C7B411F52EB66003E7A28 /* Project object */ = {
			isa = PBXProject;
			attributes = {
				LastSwiftUpdateCheck = 0900;
				LastUpgradeCheck = 0900;
				ORGANIZATIONNAME = "Flaint, Inc";
				TargetAttributes = {
					6D1C7B481F52EB66003E7A28 = {
						CreatedOnToolsVersion = 9.0;
					};
					6D1C7B5C1F52EB66003E7A28 = {
						CreatedOnToolsVersion = 9.0;
						TestTargetID = 6D1C7B481F52EB66003E7A28;
					};
					6D1C7B671F52EB66003E7A28 = {
						CreatedOnToolsVersion = 9.0;
						TestTargetID = 6D1C7B481F52EB66003E7A28;
					};
				};
			};
			buildConfigurationList = 6D1C7B441F52EB66003E7A28 /* Build configuration list for PBXProject "Zorella" */;
			compatibilityVersion = "Xcode 8.0";
			developmentRegion = en;
			hasScannedForEncodings = 0;
			knownRegions = (
				en,
				Base,
			);
			mainGroup = 6D1C7B401F52EB66003E7A28;
			productRefGroup = 6D1C7B4A1F52EB66003E7A28 /* Products */;
			projectDirPath = "";
			projectRoot = "";
			targets = (
				6D1C7B481F52EB66003E7A28 /* Zorella */,
				6D1C7B5C1F52EB66003E7A28 /* ZorellaTests */,
				6D1C7B671F52EB66003E7A28 /* ZorellaUITests */,
			);
		};
/* End PBXProject section */

/* Begin PBXResourcesBuildPhase section */
		6D1C7B471F52EB66003E7A28 /* Resources */ = {
			isa = PBXResourcesBuildPhase;
			buildActionMask = 2147483647;
			files = (
				6D1C7B571F52EB66003E7A28 /* LaunchScreen.storyboard in Resources */,
				6D1C7B541F52EB66003E7A28 /* Assets.xcassets in Resources */,
				6D1C7B521F52EB66003E7A28 /* Main.storyboard in Resources */,
			);
			runOnlyForDeploymentPostprocessing = 0;
		};
		6D1C7B5B1F52EB66003E7A28 /* Resources */ = {
			isa = PBXResourcesBuildPhase;
			buildActionMask = 2147483647;
			files = (
			);
			runOnlyForDeploymentPostprocessing = 0;
		};
		6D1C7B661F52EB66003E7A28 /* Resources */ = {
			isa = PBXResourcesBuildPhase;
			buildActionMask = 2147483647;
			files = (
			);
			runOnlyForDeploymentPostprocessing = 0;
		};
/* End PBXResourcesBuildPhase section */

/* Begin PBXSourcesBuildPhase section */
		6D1C7B451F52EB66003E7A28 /* Sources */ = {
			isa = PBXSourcesBuildPhase;
			buildActionMask = 2147483647;
			files = (
				6D1C7B4F1F52EB66003E7A28 /* ViewController.swift in Sources */,
				6D1C7B4D1F52EB66003E7A28 /* AppDelegate.swift in Sources */,
			);
			runOnlyForDeploymentPostprocessing = 0;
		};
		6D1C7B591F52EB66003E7A28 /* Sources */ = {
			isa = PBXSourcesBuildPhase;
			buildActionMask = 2147483647;
			files = (
				6D1C7B621F52EB66003E7A28 /* ZorellaTests.swift in Sources */,
			);
			runOnlyForDeploymentPostprocessing = 0;
		};
		6D1C7B641F52EB66003E7A28 /* Sources */ = {
			isa = PBXSourcesBuildPhase;
			buildActionMask = 2147483647;
			files = (
				6D1C7B6D1F52EB66003E7A28 /* ZorellaUITests.swift in Sources */,
			);
			runOnlyForDeploymentPostprocessing = 0;
		};
/* End PBXSourcesBuildPhase section */

/* Begin PBXTargetDependency section */
		6D1C7B5F1F52EB66003E7A28 /* PBXTargetDependency */ = {
			isa = PBXTargetDependency;
			target = 6D1C7B481F52EB66003E7A28 /* Zorella */;
			targetProxy = 6D1C7B5E1F52EB66003E7A28 /* PBXContainerItemProxy */;
		};
		6D1C7B6A1F52EB66003E7A28 /* PBXTargetDependency */ = {
			isa = PBXTargetDependency;
			target = 6D1C7B481F52EB66003E7A28 /* Zorella */;
			targetProxy = 6D1C7B691F52EB66003E7A28 /* PBXContainerItemProxy */;
		};
/* End PBXTargetDependency section */

/* Begin PBXVariantGroup section */
		6D1C7B501F52EB66003E7A28 /* Main.storyboard */ = {
			isa = PBXVariantGroup;
			children = (
				6D1C7B511F52EB66003E7A28 /* Base */,
			);
			name = Main.storyboard;
			sourceTree = "<group>";
		};
		6D1C7B551F52EB66003E7A28 /* LaunchScreen.storyboard */ = {
			isa = PBXVariantGroup;
			children = (
				6D1C7B561F52EB66003E7A28 /* Base */,
			);
			name = LaunchScreen.storyboard;
			sourceTree = "<group>";
		};
/* End PBXVariantGroup section */

/* Begin XCBuildConfiguration section */
		6D1C7B6F1F52EB66003E7A28 /* Debug */ = {
			isa = XCBuildConfiguration;
			buildSettings = {
				ALWAYS_SEARCH_USER_PATHS = NO;
				CLANG_ANALYZER_NONNULL = YES;
				CLANG_ANALYZER_NUMBER_OBJECT_CONVERSION = YES_AGGRESSIVE;
				CLANG_CXX_LANGUAGE_STANDARD = "gnu++14";
				CLANG_CXX_LIBRARY = "libc++";
				CLANG_ENABLE_MODULES = YES;
				CLANG_ENABLE_OBJC_ARC = YES;
				CLANG_WARN_BLOCK_CAPTURE_AUTORELEASING = YES;
				CLANG_WARN_BOOL_CONVERSION = YES;
				CLANG_WARN_COMMA = YES;
				CLANG_WARN_CONSTANT_CONVERSION = YES;
				CLANG_WARN_DIRECT_OBJC_ISA_USAGE = YES_ERROR;
				CLANG_WARN_DOCUMENTATION_COMMENTS = YES;
				CLANG_WARN_EMPTY_BODY = YES;
				CLANG_WARN_ENUM_CONVERSION = YES;
				CLANG_WARN_INFINITE_RECURSION = YES;
				CLANG_WARN_INT_CONVERSION = YES;
				CLANG_WARN_OBJC_ROOT_CLASS = YES_ERROR;
				CLANG_WARN_RANGE_LOOP_ANALYSIS = YES;
				CLANG_WARN_STRICT_PROTOTYPES = YES;
				CLANG_WARN_SUSPICIOUS_MOVE = YES;
				CLANG_WARN_UNGUARDED_AVAILABILITY = YES_AGGRESSIVE;
				CLANG_WARN_UNREACHABLE_CODE = YES;
				CLANG_WARN__DUPLICATE_METHOD_MATCH = YES;
				CODE_SIGN_IDENTITY = "iPhone Developer";
				COPY_PHASE_STRIP = NO;
				DEBUG_INFORMATION_FORMAT = dwarf;
				ENABLE_STRICT_OBJC_MSGSEND = YES;
				ENABLE_TESTABILITY = YES;
				GCC_C_LANGUAGE_STANDARD = gnu11;
				GCC_DYNAMIC_NO_PIC = NO;
				GCC_NO_COMMON_BLOCKS = YES;
				GCC_OPTIMIZATION_LEVEL = 0;
				GCC_PREPROCESSOR_DEFINITIONS = (
					"DEBUG=1",
					"$(inherited)",
				);
				GCC_WARN_64_TO_32_BIT_CONVERSION = YES;
				GCC_WARN_ABOUT_RETURN_TYPE = YES_ERROR;
				GCC_WARN_UNDECLARED_SELECTOR = YES;
				GCC_WARN_UNINITIALIZED_AUTOS = YES_AGGRESSIVE;
				GCC_WARN_UNUSED_FUNCTION = YES;
				GCC_WARN_UNUSED_VARIABLE = YES;
				IPHONEOS_DEPLOYMENT_TARGET = 11.0;
				MTL_ENABLE_DEBUG_INFO = YES;
				ONLY_ACTIVE_ARCH = YES;
				SDKROOT = iphoneos;
				SWIFT_ACTIVE_COMPILATION_CONDITIONS = DEBUG;
				SWIFT_OPTIMIZATION_LEVEL = "-Onone";
			};
			name = Debug;
		};
		6D1C7B701F52EB66003E7A28 /* Release */ = {
			isa = XCBuildConfiguration;
			buildSettings = {
				ALWAYS_SEARCH_USER_PATHS = NO;
				CLANG_ANALYZER_NONNULL = YES;
				CLANG_ANALYZER_NUMBER_OBJECT_CONVERSION = YES_AGGRESSIVE;
				CLANG_CXX_LANGUAGE_STANDARD = "gnu++14";
				CLANG_CXX_LIBRARY = "libc++";
				CLANG_ENABLE_MODULES = YES;
				CLANG_ENABLE_OBJC_ARC = YES;
				CLANG_WARN_BLOCK_CAPTURE_AUTORELEASING = YES;
				CLANG_WARN_BOOL_CONVERSION = YES;
				CLANG_WARN_COMMA = YES;
				CLANG_WARN_CONSTANT_CONVERSION = YES;
				CLANG_WARN_DIRECT_OBJC_ISA_USAGE = YES_ERROR;
				CLANG_WARN_DOCUMENTATION_COMMENTS = YES;
				CLANG_WARN_EMPTY_BODY = YES;
				CLANG_WARN_ENUM_CONVERSION = YES;
				CLANG_WARN_INFINITE_RECURSION = YES;
				CLANG_WARN_INT_CONVERSION = YES;
				CLANG_WARN_OBJC_ROOT_CLASS = YES_ERROR;
				CLANG_WARN_RANGE_LOOP_ANALYSIS = YES;
				CLANG_WARN_STRICT_PROTOTYPES = YES;
				CLANG_WARN_SUSPICIOUS_MOVE = YES;
				CLANG_WARN_UNGUARDED_AVAILABILITY = YES_AGGRESSIVE;
				CLANG_WARN_UNREACHABLE_CODE = YES;
				CLANG_WARN__DUPLICATE_METHOD_MATCH = YES;
				CODE_SIGN_IDENTITY = "iPhone Developer";
				COPY_PHASE_STRIP = NO;
				DEBUG_INFORMATION_FORMAT = "dwarf-with-dsym";
				ENABLE_NS_ASSERTIONS = NO;
				ENABLE_STRICT_OBJC_MSGSEND = YES;
				GCC_C_LANGUAGE_STANDARD = gnu11;
				GCC_NO_COMMON_BLOCKS = YES;
				GCC_WARN_64_TO_32_BIT_CONVERSION = YES;
				GCC_WARN_ABOUT_RETURN_TYPE = YES_ERROR;
				GCC_WARN_UNDECLARED_SELECTOR = YES;
				GCC_WARN_UNINITIALIZED_AUTOS = YES_AGGRESSIVE;
				GCC_WARN_UNUSED_FUNCTION = YES;
				GCC_WARN_UNUSED_VARIABLE = YES;
				IPHONEOS_DEPLOYMENT_TARGET = 11.0;
				MTL_ENABLE_DEBUG_INFO = NO;
				SDKROOT = iphoneos;
				SWIFT_OPTIMIZATION_LEVEL = "-Owholemodule";
				VALIDATE_PRODUCT = YES;
			};
			name = Release;
		};
		6D1C7B721F52EB66003E7A28 /* Debug */ = {
			isa = XCBuildConfiguration;
			buildSettings = {
				ASSETCATALOG_COMPILER_APPICON_NAME = AppIcon;
				DEVELOPMENT_TEAM = GF728A45JE;
				INFOPLIST_FILE = Zorella/Info.plist;
				LD_RUNPATH_SEARCH_PATHS = "$(inherited) @executable_path/Frameworks";
				PRODUCT_BUNDLE_IDENTIFIER = com.Kurbs.flaint.Zorella;
				PRODUCT_NAME = "$(TARGET_NAME)";
				SWIFT_VERSION = 4.0;
				TARGETED_DEVICE_FAMILY = "1,2";
			};
			name = Debug;
		};
		6D1C7B731F52EB66003E7A28 /* Release */ = {
			isa = XCBuildConfiguration;
			buildSettings = {
				ASSETCATALOG_COMPILER_APPICON_NAME = AppIcon;
				DEVELOPMENT_TEAM = GF728A45JE;
				INFOPLIST_FILE = Zorella/Info.plist;
				LD_RUNPATH_SEARCH_PATHS = "$(inherited) @executable_path/Frameworks";
				PRODUCT_BUNDLE_IDENTIFIER = com.Kurbs.flaint.Zorella;
				PRODUCT_NAME = "$(TARGET_NAME)";
				SWIFT_VERSION = 4.0;
				TARGETED_DEVICE_FAMILY = "1,2";
			};
			name = Release;
		};
		6D1C7B751F52EB66003E7A28 /* Debug */ = {
			isa = XCBuildConfiguration;
			buildSettings = {
				ALWAYS_EMBED_SWIFT_STANDARD_LIBRARIES = YES;
				BUNDLE_LOADER = "$(TEST_HOST)";
				DEVELOPMENT_TEAM = GF728A45JE;
				INFOPLIST_FILE = ZorellaTests/Info.plist;
				LD_RUNPATH_SEARCH_PATHS = "$(inherited) @executable_path/Frameworks @loader_path/Frameworks";
				PRODUCT_BUNDLE_IDENTIFIER = com.Kurbs.flaint.ZorellaTests;
				PRODUCT_NAME = "$(TARGET_NAME)";
				SWIFT_VERSION = 4.0;
				TARGETED_DEVICE_FAMILY = "1,2";
				TEST_HOST = "$(BUILT_PRODUCTS_DIR)/Zorella.app/Zorella";
			};
			name = Debug;
		};
		6D1C7B761F52EB66003E7A28 /* Release */ = {
			isa = XCBuildConfiguration;
			buildSettings = {
				ALWAYS_EMBED_SWIFT_STANDARD_LIBRARIES = YES;
				BUNDLE_LOADER = "$(TEST_HOST)";
				DEVELOPMENT_TEAM = GF728A45JE;
				INFOPLIST_FILE = ZorellaTests/Info.plist;
				LD_RUNPATH_SEARCH_PATHS = "$(inherited) @executable_path/Frameworks @loader_path/Frameworks";
				PRODUCT_BUNDLE_IDENTIFIER = com.Kurbs.flaint.ZorellaTests;
				PRODUCT_NAME = "$(TARGET_NAME)";
				SWIFT_VERSION = 4.0;
				TARGETED_DEVICE_FAMILY = "1,2";
				TEST_HOST = "$(BUILT_PRODUCTS_DIR)/Zorella.app/Zorella";
			};
			name = Release;
		};
		6D1C7B781F52EB66003E7A28 /* Debug */ = {
			isa = XCBuildConfiguration;
			buildSettings = {
				ALWAYS_EMBED_SWIFT_STANDARD_LIBRARIES = YES;
				DEVELOPMENT_TEAM = GF728A45JE;
				INFOPLIST_FILE = ZorellaUITests/Info.plist;
				LD_RUNPATH_SEARCH_PATHS = "$(inherited) @executable_path/Frameworks @loader_path/Frameworks";
				PRODUCT_BUNDLE_IDENTIFIER = com.Kurbs.flaint.ZorellaUITests;
				PRODUCT_NAME = "$(TARGET_NAME)";
				SWIFT_VERSION = 4.0;
				TARGETED_DEVICE_FAMILY = "1,2";
				TEST_TARGET_NAME = Zorella;
			};
			name = Debug;
		};
		6D1C7B791F52EB66003E7A28 /* Release */ = {
			isa = XCBuildConfiguration;
			buildSettings = {
				ALWAYS_EMBED_SWIFT_STANDARD_LIBRARIES = YES;
				DEVELOPMENT_TEAM = GF728A45JE;
				INFOPLIST_FILE = ZorellaUITests/Info.plist;
				LD_RUNPATH_SEARCH_PATHS = "$(inherited) @executable_path/Frameworks @loader_path/Frameworks";
				PRODUCT_BUNDLE_IDENTIFIER = com.Kurbs.flaint.ZorellaUITests;
				PRODUCT_NAME = "$(TARGET_NAME)";
				SWIFT_VERSION = 4.0;
				TARGETED_DEVICE_FAMILY = "1,2";
				TEST_TARGET_NAME = Zorella;
			};
			name = Release;
		};
/* End XCBuildConfiguration section */

/* Begin XCConfigurationList section */
		6D1C7B441F52EB66003E7A28 /* Build configuration list for PBXProject "Zorella" */ = {
			isa = XCConfigurationList;
			buildConfigurations = (
				6D1C7B6F1F52EB66003E7A28 /* Debug */,
				6D1C7B701F52EB66003E7A28 /* Release */,
			);
			defaultConfigurationIsVisible = 0;
			defaultConfigurationName = Release;
		};
		6D1C7B711F52EB66003E7A28 /* Build configuration list for PBXNativeTarget "Zorella" */ = {
			isa = XCConfigurationList;
			buildConfigurations = (
				6D1C7B721F52EB66003E7A28 /* Debug */,
				6D1C7B731F52EB66003E7A28 /* Release */,
			);
			defaultConfigurationIsVisible = 0;
		};
		6D1C7B741F52EB66003E7A28 /* Build configuration list for PBXNativeTarget "ZorellaTests" */ = {
			isa = XCConfigurationList;
			buildConfigurations = (
				6D1C7B751F52EB66003E7A28 /* Debug */,
				6D1C7B761F52EB66003E7A28 /* Release */,
			);
			defaultConfigurationIsVisible = 0;
		};
		6D1C7B771F52EB66003E7A28 /* Build configuration list for PBXNativeTarget "ZorellaUITests" */ = {
			isa = XCConfigurationList;
			buildConfigurations = (
				6D1C7B781F52EB66003E7A28 /* Debug */,
				6D1C7B791F52EB66003E7A28 /* Release */,
			);
			defaultConfigurationIsVisible = 0;
		};
/* End XCConfigurationList section */
	};
	rootObject = 6D1C7B411F52EB66003E7A28 /* Project object */;
}
